
Microsoft Visual Studio Solution File, Format Version 12.00
# Visual Studio Version 17
VisualStudioVersion = 17.9.34728.123
MinimumVisualStudioVersion = 10.0.40219.1
Project("{FAE04EC0-301F-11D3-BF4B-00C04F79EFBC}") = "MineSweeper", "MineSweeper.csproj", "{2ADB905F-808F-4B08-B2EA-B82A175A798B}"
EndProject
Project("{FAE04EC0-301F-11D3-BF4B-00C04F79EFBC}") = "MineSweeperGame.Tests", "..\MineSweeperGame.Tests\MineSweeperGame.Tests.csproj", "{9A4D39D2-498D-4E08-8D3D-0C1E87784134}"
EndProject
Global
	GlobalSection(SolutionConfigurationPlatforms) = preSolution
		Debug|Any CPU = Debug|Any CPU
		Release|Any CPU = Release|Any CPU
	EndGlobalSection
	GlobalSection(ProjectConfigurationPlatforms) = postSolution
		{2ADB905F-808F-4B08-B2EA-B82A175A798B}.Debug|Any CPU.ActiveCfg = Debug|Any CPU
		{2ADB905F-808F-4B08-B2EA-B82A175A798B}.Debug|Any CPU.Build.0 = Debug|Any CPU
		{2ADB905F-808F-4B08-B2EA-B82A175A798B}.Release|Any CPU.ActiveCfg = Release|Any CPU
		{2ADB905F-808F-4B08-B2EA-B82A175A798B}.Release|Any CPU.Build.0 = Release|Any CPU
		{9A4D39D2-498D-4E08-8D3D-0C1E87784134}.Debug|Any CPU.ActiveCfg = Debug|Any CPU
		{9A4D39D2-498D-4E08-8D3D-0C1E87784134}.Debug|Any CPU.Build.0 = Debug|Any CPU
		{9A4D39D2-498D-4E08-8D3D-0C1E87784134}.Release|Any CPU.ActiveCfg = Release|Any CPU
		{9A4D39D2-498D-4E08-8D3D-0C1E87784134}.Release|Any CPU.Build.0 = Release|Any CPU
	EndGlobalSection
	GlobalSection(SolutionProperties) = preSolution
		HideSolutionNode = FALSE
	EndGlobalSection
	GlobalSection(ExtensibilityGlobals) = postSolution
		SolutionGuid = {F227A265-F39F-45D9-AD18-249362ECCA5B}
	EndGlobalSection
EndGlobal
